
Microsoft Visual Studio Solution File, Format Version 12.00
# Visual Studio Version 17
VisualStudioVersion = 17.13.35931.197 d17.13
MinimumVisualStudioVersion = 10.0.40219.1
Project("{FAE04EC0-301F-11D3-BF4B-00C04F79EFBC}") = "BulkyWeb", "BulkyWeb\BulkyWeb.csproj", "{3F32A9C1-771C-4EB3-B9EA-169D0DECFE5A}"
EndProject
Global
	GlobalSection(SolutionConfigurationPlatforms) = preSolution
		Debug|Any CPU = Debug|Any CPU
		Release|Any CPU = Release|Any CPU
	EndGlobalSection
	GlobalSection(ProjectConfigurationPlatforms) = postSolution
		{3F32A9C1-771C-4EB3-B9EA-169D0DECFE5A}.Debug|Any CPU.ActiveCfg = Debug|Any CPU
		{3F32A9C1-771C-4EB3-B9EA-169D0DECFE5A}.Debug|Any CPU.Build.0 = Debug|Any CPU
		{3F32A9C1-771C-4EB3-B9EA-169D0DECFE5A}.Release|Any CPU.ActiveCfg = Release|Any CPU
		{3F32A9C1-771C-4EB3-B9EA-169D0DECFE5A}.Release|Any CPU.Build.0 = Release|Any CPU
	EndGlobalSection
	GlobalSection(SolutionProperties) = preSolution
		HideSolutionNode = FALSE
	EndGlobalSection
	GlobalSection(ExtensibilityGlobals) = postSolution
		SolutionGuid = {8FE7E158-C732-480B-83EE-336BD1950A98}
	EndGlobalSection
EndGlobal
